
Microsoft Visual Studio Solution File, Format Version 12.00
# Visual Studio Version 17
VisualStudioVersion = 17.5.002.0
MinimumVisualStudioVersion = 10.0.40219.1
Project("{2150E333-8FDC-42A3-9474-1A3956D46DE8}") = "Labfiles", "Labfiles", "{78ED9AEB-CA1F-4013-9859-F0A9C65336B8}"
EndProject
Project("{2150E333-8FDC-42A3-9474-1A3956D46DE8}") = "02-nlp-azure-openai", "02-nlp-azure-openai", "{C60908F1-8532-4E01-8110-C6BD016C2D57}"
EndProject
Project("{9A19103F-16F7-4668-BE54-9A1E7A4F7556}") = "CSharp", "Labfiles\02-nlp-azure-openai\CSharp\CSharp.csproj", "{536B7C76-E2E0-4AE2-8AE7-9F0FAB73BFFF}"
EndProject
Project("{2150E333-8FDC-42A3-9474-1A3956D46DE8}") = "03-prompt-engineering", "03-prompt-engineering", "{0EBAEFAF-9DF9-426D-96D3-A7547ED28CE9}"
EndProject
Project("{9A19103F-16F7-4668-BE54-9A1E7A4F7556}") = "CSharp", "Labfiles\03-prompt-engineering\CSharp\CSharp.csproj", "{5A965A55-1569-4AC6-A412-F294B606487C}"
EndProject
Project("{2150E333-8FDC-42A3-9474-1A3956D46DE8}") = "04-code-generation", "04-code-generation", "{C257ECBD-33F9-4225-9EA0-8C0FF00A9026}"
EndProject
Project("{9A19103F-16F7-4668-BE54-9A1E7A4F7556}") = "CSharp", "Labfiles\04-code-generation\CSharp\CSharp.csproj", "{1769F087-2DC4-48C1-8868-A4874897DBEA}"
EndProject
Project("{2150E333-8FDC-42A3-9474-1A3956D46DE8}") = "05-image-generation", "05-image-generation", "{CF4FC58F-0791-4FA3-8335-CA85E60C464D}"
EndProject
Project("{9A19103F-16F7-4668-BE54-9A1E7A4F7556}") = "generate_image", "Labfiles\05-image-generation\CSharp\generate_image.csproj", "{95B154C3-BD93-4DAF-BA8B-A3F1123E7CED}"
EndProject
Project("{2150E333-8FDC-42A3-9474-1A3956D46DE8}") = "06-use-own-data", "06-use-own-data", "{0BCFA115-30DB-47E4-88E3-CAA7A70EED9A}"
EndProject
Project("{9A19103F-16F7-4668-BE54-9A1E7A4F7556}") = "CSharp", "Labfiles\06-use-own-data\CSharp\CSharp.csproj", "{F7829E78-7290-48B7-A4A7-874E744AAD18}"
EndProject
Project("{2150E333-8FDC-42A3-9474-1A3956D46DE8}") = "sample-code", "sample-code", "{D3DCB303-0C0A-4CF6-A4A6-6EFA83BF755C}"
EndProject
Project("{9A19103F-16F7-4668-BE54-9A1E7A4F7556}") = "CSharp", "Labfiles\04-code-generation\sample-code\go-fish\CSharp.csproj", "{2203B9B3-771B-414D-AAE9-114C42512585}"
EndProject
Global
	GlobalSection(SolutionConfigurationPlatforms) = preSolution
		Debug|Any CPU = Debug|Any CPU
		Release|Any CPU = Release|Any CPU
	EndGlobalSection
	GlobalSection(ProjectConfigurationPlatforms) = postSolution
		{536B7C76-E2E0-4AE2-8AE7-9F0FAB73BFFF}.Debug|Any CPU.ActiveCfg = Debug|Any CPU
		{536B7C76-E2E0-4AE2-8AE7-9F0FAB73BFFF}.Debug|Any CPU.Build.0 = Debug|Any CPU
		{536B7C76-E2E0-4AE2-8AE7-9F0FAB73BFFF}.Release|Any CPU.ActiveCfg = Release|Any CPU
		{536B7C76-E2E0-4AE2-8AE7-9F0FAB73BFFF}.Release|Any CPU.Build.0 = Release|Any CPU
		{5A965A55-1569-4AC6-A412-F294B606487C}.Debug|Any CPU.ActiveCfg = Debug|Any CPU
		{5A965A55-1569-4AC6-A412-F294B606487C}.Debug|Any CPU.Build.0 = Debug|Any CPU
		{5A965A55-1569-4AC6-A412-F294B606487C}.Release|Any CPU.ActiveCfg = Release|Any CPU
		{5A965A55-1569-4AC6-A412-F294B606487C}.Release|Any CPU.Build.0 = Release|Any CPU
		{1769F087-2DC4-48C1-8868-A4874897DBEA}.Debug|Any CPU.ActiveCfg = Debug|Any CPU
		{1769F087-2DC4-48C1-8868-A4874897DBEA}.Debug|Any CPU.Build.0 = Debug|Any CPU
		{1769F087-2DC4-48C1-8868-A4874897DBEA}.Release|Any CPU.ActiveCfg = Release|Any CPU
		{1769F087-2DC4-48C1-8868-A4874897DBEA}.Release|Any CPU.Build.0 = Release|Any CPU
		{95B154C3-BD93-4DAF-BA8B-A3F1123E7CED}.Debug|Any CPU.ActiveCfg = Debug|Any CPU
		{95B154C3-BD93-4DAF-BA8B-A3F1123E7CED}.Debug|Any CPU.Build.0 = Debug|Any CPU
		{95B154C3-BD93-4DAF-BA8B-A3F1123E7CED}.Release|Any CPU.ActiveCfg = Release|Any CPU
		{95B154C3-BD93-4DAF-BA8B-A3F1123E7CED}.Release|Any CPU.Build.0 = Release|Any CPU
		{F7829E78-7290-48B7-A4A7-874E744AAD18}.Debug|Any CPU.ActiveCfg = Debug|Any CPU
		{F7829E78-7290-48B7-A4A7-874E744AAD18}.Debug|Any CPU.Build.0 = Debug|Any CPU
		{F7829E78-7290-48B7-A4A7-874E744AAD18}.Release|Any CPU.ActiveCfg = Release|Any CPU
		{F7829E78-7290-48B7-A4A7-874E744AAD18}.Release|Any CPU.Build.0 = Release|Any CPU
		{2203B9B3-771B-414D-AAE9-114C42512585}.Debug|Any CPU.ActiveCfg = Debug|Any CPU
		{2203B9B3-771B-414D-AAE9-114C42512585}.Debug|Any CPU.Build.0 = Debug|Any CPU
		{2203B9B3-771B-414D-AAE9-114C42512585}.Release|Any CPU.ActiveCfg = Release|Any CPU
		{2203B9B3-771B-414D-AAE9-114C42512585}.Release|Any CPU.Build.0 = Release|Any CPU
	EndGlobalSection
	GlobalSection(SolutionProperties) = preSolution
		HideSolutionNode = FALSE
	EndGlobalSection
	GlobalSection(NestedProjects) = preSolution
		{C60908F1-8532-4E01-8110-C6BD016C2D57} = {78ED9AEB-CA1F-4013-9859-F0A9C65336B8}
		{536B7C76-E2E0-4AE2-8AE7-9F0FAB73BFFF} = {C60908F1-8532-4E01-8110-C6BD016C2D57}
		{0EBAEFAF-9DF9-426D-96D3-A7547ED28CE9} = {78ED9AEB-CA1F-4013-9859-F0A9C65336B8}
		{5A965A55-1569-4AC6-A412-F294B606487C} = {0EBAEFAF-9DF9-426D-96D3-A7547ED28CE9}
		{C257ECBD-33F9-4225-9EA0-8C0FF00A9026} = {78ED9AEB-CA1F-4013-9859-F0A9C65336B8}
		{1769F087-2DC4-48C1-8868-A4874897DBEA} = {C257ECBD-33F9-4225-9EA0-8C0FF00A9026}
		{CF4FC58F-0791-4FA3-8335-CA85E60C464D} = {78ED9AEB-CA1F-4013-9859-F0A9C65336B8}
		{95B154C3-BD93-4DAF-BA8B-A3F1123E7CED} = {CF4FC58F-0791-4FA3-8335-CA85E60C464D}
		{0BCFA115-30DB-47E4-88E3-CAA7A70EED9A} = {78ED9AEB-CA1F-4013-9859-F0A9C65336B8}
		{F7829E78-7290-48B7-A4A7-874E744AAD18} = {0BCFA115-30DB-47E4-88E3-CAA7A70EED9A}
		{D3DCB303-0C0A-4CF6-A4A6-6EFA83BF755C} = {C257ECBD-33F9-4225-9EA0-8C0FF00A9026}
		{2203B9B3-771B-414D-AAE9-114C42512585} = {D3DCB303-0C0A-4CF6-A4A6-6EFA83BF755C}
	EndGlobalSection
	GlobalSection(ExtensibilityGlobals) = postSolution
		SolutionGuid = {1C3418C9-DACB-4976-86B2-48E9E0D27348}
	EndGlobalSection
EndGlobal
